
Microsoft Visual Studio Solution File, Format Version 12.00
# Visual Studio Version 16
VisualStudioVersion = 16.0.30406.217
MinimumVisualStudioVersion = 10.0.40219.1
Project("{FAE04EC0-301F-11D3-BF4B-00C04F79EFBC}") = "MongoAPI", "MongoAPI\MongoAPI.csproj", "{A8F9AC14-80E0-403F-AF33-18379FB025A3}"
EndProject
Global
	GlobalSection(SolutionConfigurationPlatforms) = preSolution
		Debug|Any CPU = Debug|Any CPU
		Release|Any CPU = Release|Any CPU
	EndGlobalSection
	GlobalSection(ProjectConfigurationPlatforms) = postSolution
		{A8F9AC14-80E0-403F-AF33-18379FB025A3}.Debug|Any CPU.ActiveCfg = Debug|Any CPU
		{A8F9AC14-80E0-403F-AF33-18379FB025A3}.Debug|Any CPU.Build.0 = Debug|Any CPU
		{A8F9AC14-80E0-403F-AF33-18379FB025A3}.Release|Any CPU.ActiveCfg = Release|Any CPU
		{A8F9AC14-80E0-403F-AF33-18379FB025A3}.Release|Any CPU.Build.0 = Release|Any CPU
	EndGlobalSection
	GlobalSection(SolutionProperties) = preSolution
		HideSolutionNode = FALSE
	EndGlobalSection
	GlobalSection(ExtensibilityGlobals) = postSolution
		SolutionGuid = {FDE20459-A57D-4D3E-B99B-845436768E19}
	EndGlobalSection
EndGlobal
